<Solution>
  <Folder Name="/src/">
    <Project Path="src/WarehouseERP.Api/WarehouseERP.Api.csproj" />
    <Project Path="src/WarehouseERP.Application/WarehouseERP.Application.csproj" />
    <Project Path="src/WarehouseERP.Blazor/WarehouseERP.Blazor.csproj" />
    <Project Path="src/WarehouseERP.Domain/WarehouseERP.Domain.csproj" />
    <Project Path="src/WarehouseERP.Functions/WarehouseERP.Functions.csproj" />
    <Project Path="src/WarehouseERP.Infrastructure/WarehouseERP.Infrastructure.csproj" />
    <Project Path="src/WarehouseERP.Shared/WarehouseERP.Shared.csproj" />
  </Folder>
  <Folder Name="/tests/">
    <Project Path="tests/WarehouseERP.Application.Tests/WarehouseERP.Application.Tests.csproj" />
    <Project Path="tests/WarehouseERP.Domain.Tests/WarehouseERP.Domain.Tests.csproj" />
  </Folder>
</Solution>
